// !$*UTF8*$!
{
	archiveVersion = 1;
	classes = {
	};
	objectVersion = 50;
	objects = {

/* Begin PBXBuildFile section */
		278E666A2622C10300ABF178 /* BookHoundApp.swift in Sources */ = {isa = PBXBuildFile; fileRef = 278E66692622C10300ABF178 /* BookHoundApp.swift */; };
		278E666C2622C10300ABF178 /* ContentView.swift in Sources */ = {isa = PBXBuildFile; fileRef = 278E666B2622C10300ABF178 /* ContentView.swift */; };
		278E666E2622C10500ABF178 /* Assets.xcassets in Resources */ = {isa = PBXBuildFile; fileRef = 278E666D2622C10500ABF178 /* Assets.xcassets */; };
		278E66712622C10500ABF178 /* Preview Assets.xcassets in Resources */ = {isa = PBXBuildFile; fileRef = 278E66702622C10500ABF178 /* Preview Assets.xcassets */; };
		278E667C2622C10600ABF178 /* BookHoundTests.swift in Sources */ = {isa = PBXBuildFile; fileRef = 278E667B2622C10600ABF178 /* BookHoundTests.swift */; };
		278E66872622C10600ABF178 /* BookHoundUITests.swift in Sources */ = {isa = PBXBuildFile; fileRef = 278E66862622C10600ABF178 /* BookHoundUITests.swift */; };
		278E66982622C15C00ABF178 /* initialSelectionView.swift in Sources */ = {isa = PBXBuildFile; fileRef = 278E66972622C15C00ABF178 /* initialSelectionView.swift */; };
/* End PBXBuildFile section */

/* Begin PBXContainerItemProxy section */
		278E66782622C10600ABF178 /* PBXContainerItemProxy */ = {
			isa = PBXContainerItemProxy;
			containerPortal = 278E665E2622C10300ABF178 /* Project object */;
			proxyType = 1;
			remoteGlobalIDString = 278E66652622C10300ABF178;
			remoteInfo = BookHound;
		};
		278E66832622C10600ABF178 /* PBXContainerItemProxy */ = {
			isa = PBXContainerItemProxy;
			containerPortal = 278E665E2622C10300ABF178 /* Project object */;
			proxyType = 1;
			remoteGlobalIDString = 278E66652622C10300ABF178;
			remoteInfo = BookHound;
		};
/* End PBXContainerItemProxy section */

/* Begin PBXFileReference section */
		278E66662622C10300ABF178 /* BookHound.app */ = {isa = PBXFileReference; explicitFileType = wrapper.application; includeInIndex = 0; path = BookHound.app; sourceTree = BUILT_PRODUCTS_DIR; };
		278E66692622C10300ABF178 /* BookHoundApp.swift */ = {isa = PBXFileReference; lastKnownFileType = sourcecode.swift; path = BookHoundApp.swift; sourceTree = "<group>"; };
		278E666B2622C10300ABF178 /* ContentView.swift */ = {isa = PBXFileReference; lastKnownFileType = sourcecode.swift; path = ContentView.swift; sourceTree = "<group>"; };
		278E666D2622C10500ABF178 /* Assets.xcassets */ = {isa = PBXFileReference; lastKnownFileType = folder.assetcatalog; path = Assets.xcassets; sourceTree = "<group>"; };
		278E66702622C10500ABF178 /* Preview Assets.xcassets */ = {isa = PBXFileReference; lastKnownFileType = folder.assetcatalog; path = "Preview Assets.xcassets"; sourceTree = "<group>"; };
		278E66722622C10500ABF178 /* Info.plist */ = {isa = PBXFileReference; lastKnownFileType = text.plist.xml; path = Info.plist; sourceTree = "<group>"; };
		278E66772622C10600ABF178 /* BookHoundTests.xctest */ = {isa = PBXFileReference; explicitFileType = wrapper.cfbundle; includeInIndex = 0; path = BookHoundTests.xctest; sourceTree = BUILT_PRODUCTS_DIR; };
		278E667B2622C10600ABF178 /* BookHoundTests.swift */ = {isa = PBXFileReference; lastKnownFileType = sourcecode.swift; path = BookHoundTests.swift; sourceTree = "<group>"; };
		278E667D2622C10600ABF178 /* Info.plist */ = {isa = PBXFileReference; lastKnownFileType = text.plist.xml; path = Info.plist; sourceTree = "<group>"; };
		278E66822622C10600ABF178 /* BookHoundUITests.xctest */ = {isa = PBXFileReference; explicitFileType = wrapper.cfbundle; includeInIndex = 0; path = BookHoundUITests.xctest; sourceTree = BUILT_PRODUCTS_DIR; };
		278E66862622C10600ABF178 /* BookHoundUITests.swift */ = {isa = PBXFileReference; lastKnownFileType = sourcecode.swift; path = BookHoundUITests.swift; sourceTree = "<group>"; };
		278E66882622C10600ABF178 /* Info.plist */ = {isa = PBXFileReference; lastKnownFileType = text.plist.xml; path = Info.plist; sourceTree = "<group>"; };
		278E66972622C15C00ABF178 /* initialSelectionView.swift */ = {isa = PBXFileReference; lastKnownFileType = sourcecode.swift; path = initialSelectionView.swift; sourceTree = "<group>"; };
/* End PBXFileReference section */

/* Begin PBXFrameworksBuildPhase section */
		278E66632622C10300ABF178 /* Frameworks */ = {
			isa = PBXFrameworksBuildPhase;
			buildActionMask = 2147483647;
			files = (
			);
			runOnlyForDeploymentPostprocessing = 0;
		};
		278E66742622C10600ABF178 /* Frameworks */ = {
			isa = PBXFrameworksBuildPhase;
			buildActionMask = 2147483647;
			files = (
			);
			runOnlyForDeploymentPostprocessing = 0;
		};
		278E667F2622C10600ABF178 /* Frameworks */ = {
			isa = PBXFrameworksBuildPhase;
			buildActionMask = 2147483647;
			files = (
			);
			runOnlyForDeploymentPostprocessing = 0;
		};
/* End PBXFrameworksBuildPhase section */

/* Begin PBXGroup section */
		278E665D2622C10300ABF178 = {
			isa = PBXGroup;
			children = (
				278E66682622C10300ABF178 /* BookHound */,
				278E667A2622C10600ABF178 /* BookHoundTests */,
				278E66852622C10600ABF178 /* BookHoundUITests */,
				278E66672622C10300ABF178 /* Products */,
			);
			sourceTree = "<group>";
		};
		278E66672622C10300ABF178 /* Products */ = {
			isa = PBXGroup;
			children = (
				278E66662622C10300ABF178 /* BookHound.app */,
				278E66772622C10600ABF178 /* BookHoundTests.xctest */,
				278E66822622C10600ABF178 /* BookHoundUITests.xctest */,
			);
			name = Products;
			sourceTree = "<group>";
		};
		278E66682622C10300ABF178 /* BookHound */ = {
			isa = PBXGroup;
			children = (
				278E66692622C10300ABF178 /* BookHoundApp.swift */,
				278E666B2622C10300ABF178 /* ContentView.swift */,
				278E66972622C15C00ABF178 /* initialSelectionView.swift */,
				278E666D2622C10500ABF178 /* Assets.xcassets */,
				278E66722622C10500ABF178 /* Info.plist */,
				278E666F2622C10500ABF178 /* Preview Content */,
			);
			path = BookHound;
			sourceTree = "<group>";
		};
		278E666F2622C10500ABF178 /* Preview Content */ = {
			isa = PBXGroup;
			children = (
				278E66702622C10500ABF178 /* Preview Assets.xcassets */,
			);
			path = "Preview Content";
			sourceTree = "<group>";
		};
		278E667A2622C10600ABF178 /* BookHoundTests */ = {
			isa = PBXGroup;
			children = (
				278E667B2622C10600ABF178 /* BookHoundTests.swift */,
				278E667D2622C10600ABF178 /* Info.plist */,
			);
			path = BookHoundTests;
			sourceTree = "<group>";
		};
		278E66852622C10600ABF178 /* BookHoundUITests */ = {
			isa = PBXGroup;
			children = (
				278E66862622C10600ABF178 /* BookHoundUITests.swift */,
				278E66882622C10600ABF178 /* Info.plist */,
			);
			path = BookHoundUITests;
			sourceTree = "<group>";
		};
/* End PBXGroup section */

/* Begin PBXNativeTarget section */
		278E66652622C10300ABF178 /* BookHound */ = {
			isa = PBXNativeTarget;
			buildConfigurationList = 278E668B2622C10600ABF178 /* Build configuration list for PBXNativeTarget "BookHound" */;
			buildPhases = (
				278E66622622C10300ABF178 /* Sources */,
				278E66632622C10300ABF178 /* Frameworks */,
				278E66642622C10300ABF178 /* Resources */,
			);
			buildRules = (
			);
			dependencies = (
			);
			name = BookHound;
			productName = BookHound;
			productReference = 278E66662622C10300ABF178 /* BookHound.app */;
			productType = "com.apple.product-type.application";
		};
		278E66762622C10600ABF178 /* BookHoundTests */ = {
			isa = PBXNativeTarget;
			buildConfigurationList = 278E668E2622C10600ABF178 /* Build configuration list for PBXNativeTarget "BookHoundTests" */;
			buildPhases = (
				278E66732622C10600ABF178 /* Sources */,
				278E66742622C10600ABF178 /* Frameworks */,
				278E66752622C10600ABF178 /* Resources */,
			);
			buildRules = (
			);
			dependencies = (
				278E66792622C10600ABF178 /* PBXTargetDependency */,
			);
			name = BookHoundTests;
			productName = BookHoundTests;
			productReference = 278E66772622C10600ABF178 /* BookHoundTests.xctest */;
			productType = "com.apple.product-type.bundle.unit-test";
		};
		278E66812622C10600ABF178 /* BookHoundUITests */ = {
			isa = PBXNativeTarget;
			buildConfigurationList = 278E66912622C10600ABF178 /* Build configuration list for PBXNativeTarget "BookHoundUITests" */;
			buildPhases = (
				278E667E2622C10600ABF178 /* Sources */,
				278E667F2622C10600ABF178 /* Frameworks */,
				278E66802622C10600ABF178 /* Resources */,
			);
			buildRules = (
			);
			dependencies = (
				278E66842622C10600ABF178 /* PBXTargetDependency */,
			);
			name = BookHoundUITests;
			productName = BookHoundUITests;
			productReference = 278E66822622C10600ABF178 /* BookHoundUITests.xctest */;
			productType = "com.apple.product-type.bundle.ui-testing";
		};
/* End PBXNativeTarget section */

/* Begin PBXProject section */
		278E665E2622C10300ABF178 /* Project object */ = {
			isa = PBXProject;
			attributes = {
				LastSwiftUpdateCheck = 1240;
				LastUpgradeCheck = 1240;
				TargetAttributes = {
					278E66652622C10300ABF178 = {
						CreatedOnToolsVersion = 12.4;
					};
					278E66762622C10600ABF178 = {
						CreatedOnToolsVersion = 12.4;
						TestTargetID = 278E66652622C10300ABF178;
					};
					278E66812622C10600ABF178 = {
						CreatedOnToolsVersion = 12.4;
						TestTargetID = 278E66652622C10300ABF178;
					};
				};
			};
			buildConfigurationList = 278E66612622C10300ABF178 /* Build configuration list for PBXProject "BookHound" */;
			compatibilityVersion = "Xcode 9.3";
			developmentRegion = en;
			hasScannedForEncodings = 0;
			knownRegions = (
				en,
				Base,
			);
			mainGroup = 278E665D2622C10300ABF178;
			productRefGroup = 278E66672622C10300ABF178 /* Products */;
			projectDirPath = "";
			projectRoot = "";
			targets = (
				278E66652622C10300ABF178 /* BookHound */,
				278E66762622C10600ABF178 /* BookHoundTests */,
				278E66812622C10600ABF178 /* BookHoundUITests */,
			);
		};
/* End PBXProject section */

/* Begin PBXResourcesBuildPhase section */
		278E66642622C10300ABF178 /* Resources */ = {
			isa = PBXResourcesBuildPhase;
			buildActionMask = 2147483647;
			files = (
				278E66712622C10500ABF178 /* Preview Assets.xcassets in Resources */,
				278E666E2622C10500ABF178 /* Assets.xcassets in Resources */,
			);
			runOnlyForDeploymentPostprocessing = 0;
		};
		278E66752622C10600ABF178 /* Resources */ = {
			isa = PBXResourcesBuildPhase;
			buildActionMask = 2147483647;
			files = (
			);
			runOnlyForDeploymentPostprocessing = 0;
		};
		278E66802622C10600ABF178 /* Resources */ = {
			isa = PBXResourcesBuildPhase;
			buildActionMask = 2147483647;
			files = (
			);
			runOnlyForDeploymentPostprocessing = 0;
		};
/* End PBXResourcesBuildPhase section */

/* Begin PBXSourcesBuildPhase section */
		278E66622622C10300ABF178 /* Sources */ = {
			isa = PBXSourcesBuildPhase;
			buildActionMask = 2147483647;
			files = (
				278E666C2622C10300ABF178 /* ContentView.swift in Sources */,
				278E66982622C15C00ABF178 /* initialSelectionView.swift in Sources */,
				278E666A2622C10300ABF178 /* BookHoundApp.swift in Sources */,
			);
			runOnlyForDeploymentPostprocessing = 0;
		};
		278E66732622C10600ABF178 /* Sources */ = {
			isa = PBXSourcesBuildPhase;
			buildActionMask = 2147483647;
			files = (
				278E667C2622C10600ABF178 /* BookHoundTests.swift in Sources */,
			);
			runOnlyForDeploymentPostprocessing = 0;
		};
		278E667E2622C10600ABF178 /* Sources */ = {
			isa = PBXSourcesBuildPhase;
			buildActionMask = 2147483647;
			files = (
				278E66872622C10600ABF178 /* BookHoundUITests.swift in Sources */,
			);
			runOnlyForDeploymentPostprocessing = 0;
		};
/* End PBXSourcesBuildPhase section */

/* Begin PBXTargetDependency section */
		278E66792622C10600ABF178 /* PBXTargetDependency */ = {
			isa = PBXTargetDependency;
			target = 278E66652622C10300ABF178 /* BookHound */;
			targetProxy = 278E66782622C10600ABF178 /* PBXContainerItemProxy */;
		};
		278E66842622C10600ABF178 /* PBXTargetDependency */ = {
			isa = PBXTargetDependency;
			target = 278E66652622C10300ABF178 /* BookHound */;
			targetProxy = 278E66832622C10600ABF178 /* PBXContainerItemProxy */;
		};
/* End PBXTargetDependency section */

/* Begin XCBuildConfiguration section */
		278E66892622C10600ABF178 /* Debug */ = {
			isa = XCBuildConfiguration;
			buildSettings = {
				ALWAYS_SEARCH_USER_PATHS = NO;
				CLANG_ANALYZER_NONNULL = YES;
				CLANG_ANALYZER_NUMBER_OBJECT_CONVERSION = YES_AGGRESSIVE;
				CLANG_CXX_LANGUAGE_STANDARD = "gnu++14";
				CLANG_CXX_LIBRARY = "libc++";
				CLANG_ENABLE_MODULES = YES;
				CLANG_ENABLE_OBJC_ARC = YES;
				CLANG_ENABLE_OBJC_WEAK = YES;
				CLANG_WARN_BLOCK_CAPTURE_AUTORELEASING = YES;
				CLANG_WARN_BOOL_CONVERSION = YES;
				CLANG_WARN_COMMA = YES;
				CLANG_WARN_CONSTANT_CONVERSION = YES;
				CLANG_WARN_DEPRECATED_OBJC_IMPLEMENTATIONS = YES;
				CLANG_WARN_DIRECT_OBJC_ISA_USAGE = YES_ERROR;
				CLANG_WARN_DOCUMENTATION_COMMENTS = YES;
				CLANG_WARN_EMPTY_BODY = YES;
				CLANG_WARN_ENUM_CONVERSION = YES;
				CLANG_WARN_INFINITE_RECURSION = YES;
				CLANG_WARN_INT_CONVERSION = YES;
				CLANG_WARN_NON_LITERAL_NULL_CONVERSION = YES;
				CLANG_WARN_OBJC_IMPLICIT_RETAIN_SELF = YES;
				CLANG_WARN_OBJC_LITERAL_CONVERSION = YES;
				CLANG_WARN_OBJC_ROOT_CLASS = YES_ERROR;
				CLANG_WARN_QUOTED_INCLUDE_IN_FRAMEWORK_HEADER = YES;
				CLANG_WARN_RANGE_LOOP_ANALYSIS = YES;
				CLANG_WARN_STRICT_PROTOTYPES = YES;
				CLANG_WARN_SUSPICIOUS_MOVE = YES;
				CLANG_WARN_UNGUARDED_AVAILABILITY = YES_AGGRESSIVE;
				CLANG_WARN_UNREACHABLE_CODE = YES;
				CLANG_WARN__DUPLICATE_METHOD_MATCH = YES;
				COPY_PHASE_STRIP = NO;
				DEBUG_INFORMATION_FORMAT = dwarf;
				ENABLE_STRICT_OBJC_MSGSEND = YES;
				ENABLE_TESTABILITY = YES;
				GCC_C_LANGUAGE_STANDARD = gnu11;
				GCC_DYNAMIC_NO_PIC = NO;
				GCC_NO_COMMON_BLOCKS = YES;
				GCC_OPTIMIZATION_LEVEL = 0;
				GCC_PREPROCESSOR_DEFINITIONS = (
					"DEBUG=1",
					"$(inherited)",
				);
				GCC_WARN_64_TO_32_BIT_CONVERSION = YES;
				GCC_WARN_ABOUT_RETURN_TYPE = YES_ERROR;
				GCC_WARN_UNDECLARED_SELECTOR = YES;
				GCC_WARN_UNINITIALIZED_AUTOS = YES_AGGRESSIVE;
				GCC_WARN_UNUSED_FUNCTION = YES;
				GCC_WARN_UNUSED_VARIABLE = YES;
				IPHONEOS_DEPLOYMENT_TARGET = 14.4;
				MTL_ENABLE_DEBUG_INFO = INCLUDE_SOURCE;
				MTL_FAST_MATH = YES;
				ONLY_ACTIVE_ARCH = YES;
				SDKROOT = iphoneos;
				SWIFT_ACTIVE_COMPILATION_CONDITIONS = DEBUG;
				SWIFT_OPTIMIZATION_LEVEL = "-Onone";
			};
			name = Debug;
		};
		278E668A2622C10600ABF178 /* Release */ = {
			isa = XCBuildConfiguration;
			buildSettings = {
				ALWAYS_SEARCH_USER_PATHS = NO;
				CLANG_ANALYZER_NONNULL = YES;
				CLANG_ANALYZER_NUMBER_OBJECT_CONVERSION = YES_AGGRESSIVE;
				CLANG_CXX_LANGUAGE_STANDARD = "gnu++14";
				CLANG_CXX_LIBRARY = "libc++";
				CLANG_ENABLE_MODULES = YES;
				CLANG_ENABLE_OBJC_ARC = YES;
				CLANG_ENABLE_OBJC_WEAK = YES;
				CLANG_WARN_BLOCK_CAPTURE_AUTORELEASING = YES;
				CLANG_WARN_BOOL_CONVERSION = YES;
				CLANG_WARN_COMMA = YES;
				CLANG_WARN_CONSTANT_CONVERSION = YES;
				CLANG_WARN_DEPRECATED_OBJC_IMPLEMENTATIONS = YES;
				CLANG_WARN_DIRECT_OBJC_ISA_USAGE = YES_ERROR;
				CLANG_WARN_DOCUMENTATION_COMMENTS = YES;
				CLANG_WARN_EMPTY_BODY = YES;
				CLANG_WARN_ENUM_CONVERSION = YES;
				CLANG_WARN_INFINITE_RECURSION = YES;
				CLANG_WARN_INT_CONVERSION = YES;
				CLANG_WARN_NON_LITERAL_NULL_CONVERSION = YES;
				CLANG_WARN_OBJC_IMPLICIT_RETAIN_SELF = YES;
				CLANG_WARN_OBJC_LITERAL_CONVERSION = YES;
				CLANG_WARN_OBJC_ROOT_CLASS = YES_ERROR;
				CLANG_WARN_QUOTED_INCLUDE_IN_FRAMEWORK_HEADER = YES;
				CLANG_WARN_RANGE_LOOP_ANALYSIS = YES;
				CLANG_WARN_STRICT_PROTOTYPES = YES;
				CLANG_WARN_SUSPICIOUS_MOVE = YES;
				CLANG_WARN_UNGUARDED_AVAILABILITY = YES_AGGRESSIVE;
				CLANG_WARN_UNREACHABLE_CODE = YES;
				CLANG_WARN__DUPLICATE_METHOD_MATCH = YES;
				COPY_PHASE_STRIP = NO;
				DEBUG_INFORMATION_FORMAT = "dwarf-with-dsym";
				ENABLE_NS_ASSERTIONS = NO;
				ENABLE_STRICT_OBJC_MSGSEND = YES;
				GCC_C_LANGUAGE_STANDARD = gnu11;
				GCC_NO_COMMON_BLOCKS = YES;
				GCC_WARN_64_TO_32_BIT_CONVERSION = YES;
				GCC_WARN_ABOUT_RETURN_TYPE = YES_ERROR;
				GCC_WARN_UNDECLARED_SELECTOR = YES;
				GCC_WARN_UNINITIALIZED_AUTOS = YES_AGGRESSIVE;
				GCC_WARN_UNUSED_FUNCTION = YES;
				GCC_WARN_UNUSED_VARIABLE = YES;
				IPHONEOS_DEPLOYMENT_TARGET = 14.4;
				MTL_ENABLE_DEBUG_INFO = NO;
				MTL_FAST_MATH = YES;
				SDKROOT = iphoneos;
				SWIFT_COMPILATION_MODE = wholemodule;
				SWIFT_OPTIMIZATION_LEVEL = "-O";
				VALIDATE_PRODUCT = YES;
			};
			name = Release;
		};
		278E668C2622C10600ABF178 /* Debug */ = {
			isa = XCBuildConfiguration;
			buildSettings = {
				ASSETCATALOG_COMPILER_APPICON_NAME = AppIcon;
				ASSETCATALOG_COMPILER_GLOBAL_ACCENT_COLOR_NAME = AccentColor;
				CODE_SIGN_STYLE = Automatic;
				DEVELOPMENT_ASSET_PATHS = "\"BookHound/Preview Content\"";
				ENABLE_PREVIEWS = YES;
				INFOPLIST_FILE = BookHound/Info.plist;
				IPHONEOS_DEPLOYMENT_TARGET = 14.0;
				LD_RUNPATH_SEARCH_PATHS = (
					"$(inherited)",
					"@executable_path/Frameworks",
				);
				PRODUCT_BUNDLE_IDENTIFIER = com.mershov.BookHound;
				PRODUCT_NAME = "$(TARGET_NAME)";
				SWIFT_VERSION = 5.0;
				TARGETED_DEVICE_FAMILY = "1,2";
			};
			name = Debug;
		};
		278E668D2622C10600ABF178 /* Release */ = {
			isa = XCBuildConfiguration;
			buildSettings = {
				ASSETCATALOG_COMPILER_APPICON_NAME = AppIcon;
				ASSETCATALOG_COMPILER_GLOBAL_ACCENT_COLOR_NAME = AccentColor;
				CODE_SIGN_STYLE = Automatic;
				DEVELOPMENT_ASSET_PATHS = "\"BookHound/Preview Content\"";
				ENABLE_PREVIEWS = YES;
				INFOPLIST_FILE = BookHound/Info.plist;
				IPHONEOS_DEPLOYMENT_TARGET = 14.0;
				LD_RUNPATH_SEARCH_PATHS = (
					"$(inherited)",
					"@executable_path/Frameworks",
				);
				PRODUCT_BUNDLE_IDENTIFIER = com.mershov.BookHound;
				PRODUCT_NAME = "$(TARGET_NAME)";
				SWIFT_VERSION = 5.0;
				TARGETED_DEVICE_FAMILY = "1,2";
			};
			name = Release;
		};
		278E668F2622C10600ABF178 /* Debug */ = {
			isa = XCBuildConfiguration;
			buildSettings = {
				ALWAYS_EMBED_SWIFT_STANDARD_LIBRARIES = YES;
				BUNDLE_LOADER = "$(TEST_HOST)";
				CODE_SIGN_STYLE = Automatic;
				INFOPLIST_FILE = BookHoundTests/Info.plist;
				IPHONEOS_DEPLOYMENT_TARGET = 14.0;
				LD_RUNPATH_SEARCH_PATHS = (
					"$(inherited)",
					"@executable_path/Frameworks",
					"@loader_path/Frameworks",
				);
				PRODUCT_BUNDLE_IDENTIFIER = com.mershov.BookHoundTests;
				PRODUCT_NAME = "$(TARGET_NAME)";
				SWIFT_VERSION = 5.0;
				TARGETED_DEVICE_FAMILY = "1,2";
				TEST_HOST = "$(BUILT_PRODUCTS_DIR)/BookHound.app/BookHound";
			};
			name = Debug;
		};
		278E66902622C10600ABF178 /* Release */ = {
			isa = XCBuildConfiguration;
			buildSettings = {
				ALWAYS_EMBED_SWIFT_STANDARD_LIBRARIES = YES;
				BUNDLE_LOADER = "$(TEST_HOST)";
				CODE_SIGN_STYLE = Automatic;
				INFOPLIST_FILE = BookHoundTests/Info.plist;
				IPHONEOS_DEPLOYMENT_TARGET = 14.0;
				LD_RUNPATH_SEARCH_PATHS = (
					"$(inherited)",
					"@executable_path/Frameworks",
					"@loader_path/Frameworks",
				);
				PRODUCT_BUNDLE_IDENTIFIER = com.mershov.BookHoundTests;
				PRODUCT_NAME = "$(TARGET_NAME)";
				SWIFT_VERSION = 5.0;
				TARGETED_DEVICE_FAMILY = "1,2";
				TEST_HOST = "$(BUILT_PRODUCTS_DIR)/BookHound.app/BookHound";
			};
			name = Release;
		};
		278E66922622C10600ABF178 /* Debug */ = {
			isa = XCBuildConfiguration;
			buildSettings = {
				ALWAYS_EMBED_SWIFT_STANDARD_LIBRARIES = YES;
				CODE_SIGN_STYLE = Automatic;
				INFOPLIST_FILE = BookHoundUITests/Info.plist;
				LD_RUNPATH_SEARCH_PATHS = (
					"$(inherited)",
					"@executable_path/Frameworks",
					"@loader_path/Frameworks",
				);
				PRODUCT_BUNDLE_IDENTIFIER = com.mershov.BookHoundUITests;
				PRODUCT_NAME = "$(TARGET_NAME)";
				SWIFT_VERSION = 5.0;
				TARGETED_DEVICE_FAMILY = "1,2";
				TEST_TARGET_NAME = BookHound;
			};
			name = Debug;
		};
		278E66932622C10600ABF178 /* Release */ = {
			isa = XCBuildConfiguration;
			buildSettings = {
				ALWAYS_EMBED_SWIFT_STANDARD_LIBRARIES = YES;
				CODE_SIGN_STYLE = Automatic;
				INFOPLIST_FILE = BookHoundUITests/Info.plist;
				LD_RUNPATH_SEARCH_PATHS = (
					"$(inherited)",
					"@executable_path/Frameworks",
					"@loader_path/Frameworks",
				);
				PRODUCT_BUNDLE_IDENTIFIER = com.mershov.BookHoundUITests;
				PRODUCT_NAME = "$(TARGET_NAME)";
				SWIFT_VERSION = 5.0;
				TARGETED_DEVICE_FAMILY = "1,2";
				TEST_TARGET_NAME = BookHound;
			};
			name = Release;
		};
/* End XCBuildConfiguration section */

/* Begin XCConfigurationList section */
		278E66612622C10300ABF178 /* Build configuration list for PBXProject "BookHound" */ = {
			isa = XCConfigurationList;
			buildConfigurations = (
				278E66892622C10600ABF178 /* Debug */,
				278E668A2622C10600ABF178 /* Release */,
			);
			defaultConfigurationIsVisible = 0;
			defaultConfigurationName = Release;
		};
		278E668B2622C10600ABF178 /* Build configuration list for PBXNativeTarget "BookHound" */ = {
			isa = XCConfigurationList;
			buildConfigurations = (
				278E668C2622C10600ABF178 /* Debug */,
				278E668D2622C10600ABF178 /* Release */,
			);
			defaultConfigurationIsVisible = 0;
			defaultConfigurationName = Release;
		};
		278E668E2622C10600ABF178 /* Build configuration list for PBXNativeTarget "BookHoundTests" */ = {
			isa = XCConfigurationList;
			buildConfigurations = (
				278E668F2622C10600ABF178 /* Debug */,
				278E66902622C10600ABF178 /* Release */,
			);
			defaultConfigurationIsVisible = 0;
			defaultConfigurationName = Release;
		};
		278E66912622C10600ABF178 /* Build configuration list for PBXNativeTarget "BookHoundUITests" */ = {
			isa = XCConfigurationList;
			buildConfigurations = (
				278E66922622C10600ABF178 /* Debug */,
				278E66932622C10600ABF178 /* Release */,
			);
			defaultConfigurationIsVisible = 0;
			defaultConfigurationName = Release;
		};
/* End XCConfigurationList section */
	};
	rootObject = 278E665E2622C10300ABF178 /* Project object */;
}
